{
  "name": "deploytoagents",
  "version": "0.4.1",
  "lockfileVersion": 3,
  "requires": true,
  "packages": {
    "": {
      "name": "deploytoagents",
      "version": "0.4.1",
      "license": "MIT",
      "bin": {
        "d2a": "src/cli.js",
        "deploytoagents": "src/cli.js"
      },
      "engines": {
        "node": ">=20"
      }
    }
  }
}
